// !$*UTF8*$!
{
	archiveVersion = 1;
	classes = {
	};
	objectVersion = 46;
	objects = {

/* Begin PBXBuildFile section */
		B996EACD1BBAEEA900B614CD /* AppDelegate.swift in Sources */ = {isa = PBXBuildFile; fileRef = B996EACC1BBAEEA900B614CD /* AppDelegate.swift */; };
		B996EACF1BBAEEA900B614CD /* ViewController.swift in Sources */ = {isa = PBXBuildFile; fileRef = B996EACE1BBAEEA900B614CD /* ViewController.swift */; };
		B996EAD21BBAEEA900B614CD /* Main.storyboard in Resources */ = {isa = PBXBuildFile; fileRef = B996EAD01BBAEEA900B614CD /* Main.storyboard */; };
		B996EAD41BBAEEA900B614CD /* Images.xcassets in Resources */ = {isa = PBXBuildFile; fileRef = B996EAD31BBAEEA900B614CD /* Images.xcassets */; };
		B996EAD71BBAEEA900B614CD /* LaunchScreen.xib in Resources */ = {isa = PBXBuildFile; fileRef = B996EAD51BBAEEA900B614CD /* LaunchScreen.xib */; };
		B996EAE31BBAEEA900B614CD /* bac_testTests.swift in Sources */ = {isa = PBXBuildFile; fileRef = B996EAE21BBAEEA900B614CD /* bac_testTests.swift */; };
/* End PBXBuildFile section */

/* Begin PBXContainerItemProxy section */
		B996EADD1BBAEEA900B614CD /* PBXContainerItemProxy */ = {
			isa = PBXContainerItemProxy;
			containerPortal = B996EABF1BBAEEA900B614CD /* Project object */;
			proxyType = 1;
			remoteGlobalIDString = B996EAC61BBAEEA900B614CD;
			remoteInfo = bac_test;
		};
/* End PBXContainerItemProxy section */

/* Begin PBXFileReference section */
		B996EAC71BBAEEA900B614CD /* bac_test.app */ = {isa = PBXFileReference; explicitFileType = wrapper.application; includeInIndex = 0; path = bac_test.app; sourceTree = BUILT_PRODUCTS_DIR; };
		B996EACB1BBAEEA900B614CD /* Info.plist */ = {isa = PBXFileReference; lastKnownFileType = text.plist.xml; path = Info.plist; sourceTree = "<group>"; };
		B996EACC1BBAEEA900B614CD /* AppDelegate.swift */ = {isa = PBXFileReference; lastKnownFileType = sourcecode.swift; path = AppDelegate.swift; sourceTree = "<group>"; };
		B996EACE1BBAEEA900B614CD /* ViewController.swift */ = {isa = PBXFileReference; lastKnownFileType = sourcecode.swift; path = ViewController.swift; sourceTree = "<group>"; };
		B996EAD11BBAEEA900B614CD /* Base */ = {isa = PBXFileReference; lastKnownFileType = file.storyboard; name = Base; path = Base.lproj/Main.storyboard; sourceTree = "<group>"; };
		B996EAD31BBAEEA900B614CD /* Images.xcassets */ = {isa = PBXFileReference; lastKnownFileType = folder.assetcatalog; path = Images.xcassets; sourceTree = "<group>"; };
		B996EAD61BBAEEA900B614CD /* Base */ = {isa = PBXFileReference; lastKnownFileType = file.xib; name = Base; path = Base.lproj/LaunchScreen.xib; sourceTree = "<group>"; };
		B996EADC1BBAEEA900B614CD /* bac_testTests.xctest */ = {isa = PBXFileReference; explicitFileType = wrapper.cfbundle; includeInIndex = 0; path = bac_testTests.xctest; sourceTree = BUILT_PRODUCTS_DIR; };
		B996EAE11BBAEEA900B614CD /* Info.plist */ = {isa = PBXFileReference; lastKnownFileType = text.plist.xml; path = Info.plist; sourceTree = "<group>"; };
		B996EAE21BBAEEA900B614CD /* bac_testTests.swift */ = {isa = PBXFileReference; lastKnownFileType = sourcecode.swift; path = bac_testTests.swift; sourceTree = "<group>"; };
/* End PBXFileReference section */

/* Begin PBXFrameworksBuildPhase section */
		B996EAC41BBAEEA900B614CD /* Frameworks */ = {
			isa = PBXFrameworksBuildPhase;
			buildActionMask = 2147483647;
			files = (
			);
			runOnlyForDeploymentPostprocessing = 0;
		};
		B996EAD91BBAEEA900B614CD /* Frameworks */ = {
			isa = PBXFrameworksBuildPhase;
			buildActionMask = 2147483647;
			files = (
			);
			runOnlyForDeploymentPostprocessing = 0;
		};
/* End PBXFrameworksBuildPhase section */

/* Begin PBXGroup section */
		B996EABE1BBAEEA900B614CD = {
			isa = PBXGroup;
			children = (
				B996EAC91BBAEEA900B614CD /* bac_test */,
				B996EADF1BBAEEA900B614CD /* bac_testTests */,
				B996EAC81BBAEEA900B614CD /* Products */,
			);
			sourceTree = "<group>";
		};
		B996EAC81BBAEEA900B614CD /* Products */ = {
			isa = PBXGroup;
			children = (
				B996EAC71BBAEEA900B614CD /* bac_test.app */,
				B996EADC1BBAEEA900B614CD /* bac_testTests.xctest */,
			);
			name = Products;
			sourceTree = "<group>";
		};
		B996EAC91BBAEEA900B614CD /* bac_test */ = {
			isa = PBXGroup;
			children = (
				B996EACC1BBAEEA900B614CD /* AppDelegate.swift */,
				B996EACE1BBAEEA900B614CD /* ViewController.swift */,
				B996EAD01BBAEEA900B614CD /* Main.storyboard */,
				B996EAD31BBAEEA900B614CD /* Images.xcassets */,
				B996EAD51BBAEEA900B614CD /* LaunchScreen.xib */,
				B996EACA1BBAEEA900B614CD /* Supporting Files */,
			);
			path = bac_test;
			sourceTree = "<group>";
		};
		B996EACA1BBAEEA900B614CD /* Supporting Files */ = {
			isa = PBXGroup;
			children = (
				B996EACB1BBAEEA900B614CD /* Info.plist */,
			);
			name = "Supporting Files";
			sourceTree = "<group>";
		};
		B996EADF1BBAEEA900B614CD /* bac_testTests */ = {
			isa = PBXGroup;
			children = (
				B996EAE21BBAEEA900B614CD /* bac_testTests.swift */,
				B996EAE01BBAEEA900B614CD /* Supporting Files */,
			);
			path = bac_testTests;
			sourceTree = "<group>";
		};
		B996EAE01BBAEEA900B614CD /* Supporting Files */ = {
			isa = PBXGroup;
			children = (
				B996EAE11BBAEEA900B614CD /* Info.plist */,
			);
			name = "Supporting Files";
			sourceTree = "<group>";
		};
/* End PBXGroup section */

/* Begin PBXNativeTarget section */
		B996EAC61BBAEEA900B614CD /* bac_test */ = {
			isa = PBXNativeTarget;
			buildConfigurationList = B996EAE61BBAEEA900B614CD /* Build configuration list for PBXNativeTarget "bac_test" */;
			buildPhases = (
				B996EAC31BBAEEA900B614CD /* Sources */,
				B996EAC41BBAEEA900B614CD /* Frameworks */,
				B996EAC51BBAEEA900B614CD /* Resources */,
			);
			buildRules = (
			);
			dependencies = (
			);
			name = bac_test;
			productName = bac_test;
			productReference = B996EAC71BBAEEA900B614CD /* bac_test.app */;
			productType = "com.apple.product-type.application";
		};
		B996EADB1BBAEEA900B614CD /* bac_testTests */ = {
			isa = PBXNativeTarget;
			buildConfigurationList = B996EAE91BBAEEA900B614CD /* Build configuration list for PBXNativeTarget "bac_testTests" */;
			buildPhases = (
				B996EAD81BBAEEA900B614CD /* Sources */,
				B996EAD91BBAEEA900B614CD /* Frameworks */,
				B996EADA1BBAEEA900B614CD /* Resources */,
			);
			buildRules = (
			);
			dependencies = (
				B996EADE1BBAEEA900B614CD /* PBXTargetDependency */,
			);
			name = bac_testTests;
			productName = bac_testTests;
			productReference = B996EADC1BBAEEA900B614CD /* bac_testTests.xctest */;
			productType = "com.apple.product-type.bundle.unit-test";
		};
/* End PBXNativeTarget section */

/* Begin PBXProject section */
		B996EABF1BBAEEA900B614CD /* Project object */ = {
			isa = PBXProject;
			attributes = {
				LastUpgradeCheck = 0640;
				ORGANIZATIONNAME = "Will Rempel";
				TargetAttributes = {
					B996EAC61BBAEEA900B614CD = {
						CreatedOnToolsVersion = 6.4;
					};
					B996EADB1BBAEEA900B614CD = {
						CreatedOnToolsVersion = 6.4;
						TestTargetID = B996EAC61BBAEEA900B614CD;
					};
				};
			};
			buildConfigurationList = B996EAC21BBAEEA900B614CD /* Build configuration list for PBXProject "bac_test" */;
			compatibilityVersion = "Xcode 3.2";
			developmentRegion = English;
			hasScannedForEncodings = 0;
			knownRegions = (
				en,
				Base,
			);
			mainGroup = B996EABE1BBAEEA900B614CD;
			productRefGroup = B996EAC81BBAEEA900B614CD /* Products */;
			projectDirPath = "";
			projectRoot = "";
			targets = (
				B996EAC61BBAEEA900B614CD /* bac_test */,
				B996EADB1BBAEEA900B614CD /* bac_testTests */,
			);
		};
/* End PBXProject section */

/* Begin PBXResourcesBuildPhase section */
		B996EAC51BBAEEA900B614CD /* Resources */ = {
			isa = PBXResourcesBuildPhase;
			buildActionMask = 2147483647;
			files = (
				B996EAD21BBAEEA900B614CD /* Main.storyboard in Resources */,
				B996EAD71BBAEEA900B614CD /* LaunchScreen.xib in Resources */,
				B996EAD41BBAEEA900B614CD /* Images.xcassets in Resources */,
			);
			runOnlyForDeploymentPostprocessing = 0;
		};
		B996EADA1BBAEEA900B614CD /* Resources */ = {
			isa = PBXResourcesBuildPhase;
			buildActionMask = 2147483647;
			files = (
			);
			runOnlyForDeploymentPostprocessing = 0;
		};
/* End PBXResourcesBuildPhase section */

/* Begin PBXSourcesBuildPhase section */
		B996EAC31BBAEEA900B614CD /* Sources */ = {
			isa = PBXSourcesBuildPhase;
			buildActionMask = 2147483647;
			files = (
				B996EACF1BBAEEA900B614CD /* ViewController.swift in Sources */,
				B996EACD1BBAEEA900B614CD /* AppDelegate.swift in Sources */,
			);
			runOnlyForDeploymentPostprocessing = 0;
		};
		B996EAD81BBAEEA900B614CD /* Sources */ = {
			isa = PBXSourcesBuildPhase;
			buildActionMask = 2147483647;
			files = (
				B996EAE31BBAEEA900B614CD /* bac_testTests.swift in Sources */,
			);
			runOnlyForDeploymentPostprocessing = 0;
		};
/* End PBXSourcesBuildPhase section */

/* Begin PBXTargetDependency section */
		B996EADE1BBAEEA900B614CD /* PBXTargetDependency */ = {
			isa = PBXTargetDependency;
			target = B996EAC61BBAEEA900B614CD /* bac_test */;
			targetProxy = B996EADD1BBAEEA900B614CD /* PBXContainerItemProxy */;
		};
/* End PBXTargetDependency section */

/* Begin PBXVariantGroup section */
		B996EAD01BBAEEA900B614CD /* Main.storyboard */ = {
			isa = PBXVariantGroup;
			children = (
				B996EAD11BBAEEA900B614CD /* Base */,
			);
			name = Main.storyboard;
			sourceTree = "<group>";
		};
		B996EAD51BBAEEA900B614CD /* LaunchScreen.xib */ = {
			isa = PBXVariantGroup;
			children = (
				B996EAD61BBAEEA900B614CD /* Base */,
			);
			name = LaunchScreen.xib;
			sourceTree = "<group>";
		};
/* End PBXVariantGroup section */

/* Begin XCBuildConfiguration section */
		B996EAE41BBAEEA900B614CD /* Debug */ = {
			isa = XCBuildConfiguration;
			buildSettings = {
				ALWAYS_SEARCH_USER_PATHS = NO;
				CLANG_CXX_LANGUAGE_STANDARD = "gnu++0x";
				CLANG_CXX_LIBRARY = "libc++";
				CLANG_ENABLE_MODULES = YES;
				CLANG_ENABLE_OBJC_ARC = YES;
				CLANG_WARN_BOOL_CONVERSION = YES;
				CLANG_WARN_CONSTANT_CONVERSION = YES;
				CLANG_WARN_DIRECT_OBJC_ISA_USAGE = YES_ERROR;
				CLANG_WARN_EMPTY_BODY = YES;
				CLANG_WARN_ENUM_CONVERSION = YES;
				CLANG_WARN_INT_CONVERSION = YES;
				CLANG_WARN_OBJC_ROOT_CLASS = YES_ERROR;
				CLANG_WARN_UNREACHABLE_CODE = YES;
				CLANG_WARN__DUPLICATE_METHOD_MATCH = YES;
				"CODE_SIGN_IDENTITY[sdk=iphoneos*]" = "iPhone Developer";
				COPY_PHASE_STRIP = NO;
				DEBUG_INFORMATION_FORMAT = "dwarf-with-dsym";
				ENABLE_STRICT_OBJC_MSGSEND = YES;
				GCC_C_LANGUAGE_STANDARD = gnu99;
				GCC_DYNAMIC_NO_PIC = NO;
				GCC_NO_COMMON_BLOCKS = YES;
				GCC_OPTIMIZATION_LEVEL = 0;
				GCC_PREPROCESSOR_DEFINITIONS = (
					"DEBUG=1",
					"$(inherited)",
				);
				GCC_SYMBOLS_PRIVATE_EXTERN = NO;
				GCC_WARN_64_TO_32_BIT_CONVERSION = YES;
				GCC_WARN_ABOUT_RETURN_TYPE = YES_ERROR;
				GCC_WARN_UNDECLARED_SELECTOR = YES;
				GCC_WARN_UNINITIALIZED_AUTOS = YES_AGGRESSIVE;
				GCC_WARN_UNUSED_FUNCTION = YES;
				GCC_WARN_UNUSED_VARIABLE = YES;
				IPHONEOS_DEPLOYMENT_TARGET = 8.4;
				MTL_ENABLE_DEBUG_INFO = YES;
				ONLY_ACTIVE_ARCH = YES;
				SDKROOT = iphoneos;
				SWIFT_OPTIMIZATION_LEVEL = "-Onone";
			};
			name = Debug;
		};
		B996EAE51BBAEEA900B614CD /* Release */ = {
			isa = XCBuildConfiguration;
			buildSettings = {
				ALWAYS_SEARCH_USER_PATHS = NO;
				CLANG_CXX_LANGUAGE_STANDARD = "gnu++0x";
				CLANG_CXX_LIBRARY = "libc++";
				CLANG_ENABLE_MODULES = YES;
				CLANG_ENABLE_OBJC_ARC = YES;
				CLANG_WARN_BOOL_CONVERSION = YES;
				CLANG_WARN_CONSTANT_CONVERSION = YES;
				CLANG_WARN_DIRECT_OBJC_ISA_USAGE = YES_ERROR;
				CLANG_WARN_EMPTY_BODY = YES;
				CLANG_WARN_ENUM_CONVERSION = YES;
				CLANG_WARN_INT_CONVERSION = YES;
				CLANG_WARN_OBJC_ROOT_CLASS = YES_ERROR;
				CLANG_WARN_UNREACHABLE_CODE = YES;
				CLANG_WARN__DUPLICATE_METHOD_MATCH = YES;
				"CODE_SIGN_IDENTITY[sdk=iphoneos*]" = "iPhone Developer";
				COPY_PHASE_STRIP = NO;
				DEBUG_INFORMATION_FORMAT = "dwarf-with-dsym";
				ENABLE_NS_ASSERTIONS = NO;
				ENABLE_STRICT_OBJC_MSGSEND = YES;
				GCC_C_LANGUAGE_STANDARD = gnu99;
				GCC_NO_COMMON_BLOCKS = YES;
				GCC_WARN_64_TO_32_BIT_CONVERSION = YES;
				GCC_WARN_ABOUT_RETURN_TYPE = YES_ERROR;
				GCC_WARN_UNDECLARED_SELECTOR = YES;
				GCC_WARN_UNINITIALIZED_AUTOS = YES_AGGRESSIVE;
				GCC_WARN_UNUSED_FUNCTION = YES;
				GCC_WARN_UNUSED_VARIABLE = YES;
				IPHONEOS_DEPLOYMENT_TARGET = 8.4;
				MTL_ENABLE_DEBUG_INFO = NO;
				SDKROOT = iphoneos;
				VALIDATE_PRODUCT = YES;
			};
			name = Release;
		};
		B996EAE71BBAEEA900B614CD /* Debug */ = {
			isa = XCBuildConfiguration;
			buildSettings = {
				ASSETCATALOG_COMPILER_APPICON_NAME = AppIcon;
				INFOPLIST_FILE = bac_test/Info.plist;
				LD_RUNPATH_SEARCH_PATHS = "$(inherited) @executable_path/Frameworks";
				PRODUCT_NAME = "$(TARGET_NAME)";
			};
			name = Debug;
		};
		B996EAE81BBAEEA900B614CD /* Release */ = {
			isa = XCBuildConfiguration;
			buildSettings = {
				ASSETCATALOG_COMPILER_APPICON_NAME = AppIcon;
				INFOPLIST_FILE = bac_test/Info.plist;
				LD_RUNPATH_SEARCH_PATHS = "$(inherited) @executable_path/Frameworks";
				PRODUCT_NAME = "$(TARGET_NAME)";
			};
			name = Release;
		};
		B996EAEA1BBAEEA900B614CD /* Debug */ = {
			isa = XCBuildConfiguration;
			buildSettings = {
				BUNDLE_LOADER = "$(TEST_HOST)";
				FRAMEWORK_SEARCH_PATHS = (
					"$(SDKROOT)/Developer/Library/Frameworks",
					"$(inherited)",
				);
				GCC_PREPROCESSOR_DEFINITIONS = (
					"DEBUG=1",
					"$(inherited)",
				);
				INFOPLIST_FILE = bac_testTests/Info.plist;
				LD_RUNPATH_SEARCH_PATHS = "$(inherited) @executable_path/Frameworks @loader_path/Frameworks";
				PRODUCT_NAME = "$(TARGET_NAME)";
				TEST_HOST = "$(BUILT_PRODUCTS_DIR)/bac_test.app/bac_test";
			};
			name = Debug;
		};
		B996EAEB1BBAEEA900B614CD /* Release */ = {
			isa = XCBuildConfiguration;
			buildSettings = {
				BUNDLE_LOADER = "$(TEST_HOST)";
				FRAMEWORK_SEARCH_PATHS = (
					"$(SDKROOT)/Developer/Library/Frameworks",
					"$(inherited)",
				);
				INFOPLIST_FILE = bac_testTests/Info.plist;
				LD_RUNPATH_SEARCH_PATHS = "$(inherited) @executable_path/Frameworks @loader_path/Frameworks";
				PRODUCT_NAME = "$(TARGET_NAME)";
				TEST_HOST = "$(BUILT_PRODUCTS_DIR)/bac_test.app/bac_test";
			};
			name = Release;
		};
/* End XCBuildConfiguration section */

/* Begin XCConfigurationList section */
		B996EAC21BBAEEA900B614CD /* Build configuration list for PBXProject "bac_test" */ = {
			isa = XCConfigurationList;
			buildConfigurations = (
				B996EAE41BBAEEA900B614CD /* Debug */,
				B996EAE51BBAEEA900B614CD /* Release */,
			);
			defaultConfigurationIsVisible = 0;
			defaultConfigurationName = Release;
		};
		B996EAE61BBAEEA900B614CD /* Build configuration list for PBXNativeTarget "bac_test" */ = {
			isa = XCConfigurationList;
			buildConfigurations = (
				B996EAE71BBAEEA900B614CD /* Debug */,
				B996EAE81BBAEEA900B614CD /* Release */,
			);
			defaultConfigurationIsVisible = 0;
		};
		B996EAE91BBAEEA900B614CD /* Build configuration list for PBXNativeTarget "bac_testTests" */ = {
			isa = XCConfigurationList;
			buildConfigurations = (
				B996EAEA1BBAEEA900B614CD /* Debug */,
				B996EAEB1BBAEEA900B614CD /* Release */,
			);
			defaultConfigurationIsVisible = 0;
		};
/* End XCConfigurationList section */
	};
	rootObject = B996EABF1BBAEEA900B614CD /* Project object */;
}
